
Microsoft Visual Studio Solution File, Format Version 12.00
# Visual Studio Version 16
VisualStudioVersion = 16.0.30204.135
MinimumVisualStudioVersion = 10.0.40219.1
Project("{9A19103F-16F7-4668-BE54-9A1E7A4F7556}") = "Unitunes", "Unitunes\Unitunes.csproj", "{DF928BAD-26A3-4CE7-AFD9-A69EF7C470FF}"
EndProject
Global
	GlobalSection(SolutionConfigurationPlatforms) = preSolution
		Debug|Any CPU = Debug|Any CPU
		Release|Any CPU = Release|Any CPU
	EndGlobalSection
	GlobalSection(ProjectConfigurationPlatforms) = postSolution
		{DF928BAD-26A3-4CE7-AFD9-A69EF7C470FF}.Debug|Any CPU.ActiveCfg = Debug|Any CPU
		{DF928BAD-26A3-4CE7-AFD9-A69EF7C470FF}.Debug|Any CPU.Build.0 = Debug|Any CPU
		{DF928BAD-26A3-4CE7-AFD9-A69EF7C470FF}.Release|Any CPU.ActiveCfg = Release|Any CPU
		{DF928BAD-26A3-4CE7-AFD9-A69EF7C470FF}.Release|Any CPU.Build.0 = Release|Any CPU
	EndGlobalSection
	GlobalSection(SolutionProperties) = preSolution
		HideSolutionNode = FALSE
	EndGlobalSection
	GlobalSection(ExtensibilityGlobals) = postSolution
		SolutionGuid = {0FFF8BE6-9CCC-469E-99DF-E6BF4B888A27}
	EndGlobalSection
EndGlobal
